// !$*UTF8*$!
{
	archiveVersion = 1;
	classes = {
	};
	objectVersion = 46;
	objects = {

/* Begin PBXBuildFile section */
		F061F1761E8C000800D9A47F /* AppDelegate.swift in Sources */ = {isa = PBXBuildFile; fileRef = F061F1751E8C000800D9A47F /* AppDelegate.swift */; };
		F061F1781E8C000800D9A47F /* ViewController.swift in Sources */ = {isa = PBXBuildFile; fileRef = F061F1771E8C000800D9A47F /* ViewController.swift */; };
		F061F17B1E8C000800D9A47F /* Main.storyboard in Resources */ = {isa = PBXBuildFile; fileRef = F061F1791E8C000800D9A47F /* Main.storyboard */; };
		F061F17D1E8C000800D9A47F /* Assets.xcassets in Resources */ = {isa = PBXBuildFile; fileRef = F061F17C1E8C000800D9A47F /* Assets.xcassets */; };
		F061F1801E8C000800D9A47F /* LaunchScreen.storyboard in Resources */ = {isa = PBXBuildFile; fileRef = F061F17E1E8C000800D9A47F /* LaunchScreen.storyboard */; };
		F061F1881E8C003900D9A47F /* ArithmeticConstraint.swift in Sources */ = {isa = PBXBuildFile; fileRef = F061F1871E8C003900D9A47F /* ArithmeticConstraint.swift */; };
/* End PBXBuildFile section */

/* Begin PBXFileReference section */
		F061F1721E8C000800D9A47F /* ArithmeticConstraint.app */ = {isa = PBXFileReference; explicitFileType = wrapper.application; includeInIndex = 0; path = ArithmeticConstraint.app; sourceTree = BUILT_PRODUCTS_DIR; };
		F061F1751E8C000800D9A47F /* AppDelegate.swift */ = {isa = PBXFileReference; lastKnownFileType = sourcecode.swift; path = AppDelegate.swift; sourceTree = "<group>"; };
		F061F1771E8C000800D9A47F /* ViewController.swift */ = {isa = PBXFileReference; lastKnownFileType = sourcecode.swift; path = ViewController.swift; sourceTree = "<group>"; };
		F061F17A1E8C000800D9A47F /* Base */ = {isa = PBXFileReference; lastKnownFileType = file.storyboard; name = Base; path = Base.lproj/Main.storyboard; sourceTree = "<group>"; };
		F061F17C1E8C000800D9A47F /* Assets.xcassets */ = {isa = PBXFileReference; lastKnownFileType = folder.assetcatalog; path = Assets.xcassets; sourceTree = "<group>"; };
		F061F17F1E8C000800D9A47F /* Base */ = {isa = PBXFileReference; lastKnownFileType = file.storyboard; name = Base; path = Base.lproj/LaunchScreen.storyboard; sourceTree = "<group>"; };
		F061F1811E8C000800D9A47F /* Info.plist */ = {isa = PBXFileReference; lastKnownFileType = text.plist.xml; path = Info.plist; sourceTree = "<group>"; };
		F061F1871E8C003900D9A47F /* ArithmeticConstraint.swift */ = {isa = PBXFileReference; fileEncoding = 4; lastKnownFileType = sourcecode.swift; path = ArithmeticConstraint.swift; sourceTree = "<group>"; };
/* End PBXFileReference section */

/* Begin PBXFrameworksBuildPhase section */
		F061F16F1E8C000800D9A47F /* Frameworks */ = {
			isa = PBXFrameworksBuildPhase;
			buildActionMask = 2147483647;
			files = (
			);
			runOnlyForDeploymentPostprocessing = 0;
		};
/* End PBXFrameworksBuildPhase section */

/* Begin PBXGroup section */
		F061F1691E8C000800D9A47F = {
			isa = PBXGroup;
			children = (
				F061F1741E8C000800D9A47F /* ArithmeticConstraint */,
				F061F1731E8C000800D9A47F /* Products */,
			);
			sourceTree = "<group>";
		};
		F061F1731E8C000800D9A47F /* Products */ = {
			isa = PBXGroup;
			children = (
				F061F1721E8C000800D9A47F /* ArithmeticConstraint.app */,
			);
			name = Products;
			sourceTree = "<group>";
		};
		F061F1741E8C000800D9A47F /* ArithmeticConstraint */ = {
			isa = PBXGroup;
			children = (
				F061F1871E8C003900D9A47F /* ArithmeticConstraint.swift */,
				F061F1751E8C000800D9A47F /* AppDelegate.swift */,
				F061F1771E8C000800D9A47F /* ViewController.swift */,
				F061F1791E8C000800D9A47F /* Main.storyboard */,
				F061F17C1E8C000800D9A47F /* Assets.xcassets */,
				F061F17E1E8C000800D9A47F /* LaunchScreen.storyboard */,
				F061F1811E8C000800D9A47F /* Info.plist */,
			);
			name = ArithmeticConstraint;
			path = LNConstraint;
			sourceTree = "<group>";
		};
/* End PBXGroup section */

/* Begin PBXNativeTarget section */
		F061F1711E8C000800D9A47F /* ArithmeticConstraint */ = {
			isa = PBXNativeTarget;
			buildConfigurationList = F061F1841E8C000800D9A47F /* Build configuration list for PBXNativeTarget "ArithmeticConstraint" */;
			buildPhases = (
				F061F16E1E8C000800D9A47F /* Sources */,
				F061F16F1E8C000800D9A47F /* Frameworks */,
				F061F1701E8C000800D9A47F /* Resources */,
			);
			buildRules = (
			);
			dependencies = (
			);
			name = ArithmeticConstraint;
			productName = LNConstraint;
			productReference = F061F1721E8C000800D9A47F /* ArithmeticConstraint.app */;
			productType = "com.apple.product-type.application";
		};
/* End PBXNativeTarget section */

/* Begin PBXProject section */
		F061F16A1E8C000800D9A47F /* Project object */ = {
			isa = PBXProject;
			attributes = {
				LastSwiftUpdateCheck = 0820;
				LastUpgradeCheck = 0820;
				ORGANIZATIONNAME = lonnie;
				TargetAttributes = {
					F061F1711E8C000800D9A47F = {
						CreatedOnToolsVersion = 8.2.1;
						DevelopmentTeam = KT6GJ8CA5Q;
						ProvisioningStyle = Automatic;
					};
				};
			};
			buildConfigurationList = F061F16D1E8C000800D9A47F /* Build configuration list for PBXProject "ArithmeticConstraint" */;
			compatibilityVersion = "Xcode 3.2";
			developmentRegion = English;
			hasScannedForEncodings = 0;
			knownRegions = (
				en,
				Base,
			);
			mainGroup = F061F1691E8C000800D9A47F;
			productRefGroup = F061F1731E8C000800D9A47F /* Products */;
			projectDirPath = "";
			projectRoot = "";
			targets = (
				F061F1711E8C000800D9A47F /* ArithmeticConstraint */,
			);
		};
/* End PBXProject section */

/* Begin PBXResourcesBuildPhase section */
		F061F1701E8C000800D9A47F /* Resources */ = {
			isa = PBXResourcesBuildPhase;
			buildActionMask = 2147483647;
			files = (
				F061F1801E8C000800D9A47F /* LaunchScreen.storyboard in Resources */,
				F061F17D1E8C000800D9A47F /* Assets.xcassets in Resources */,
				F061F17B1E8C000800D9A47F /* Main.storyboard in Resources */,
			);
			runOnlyForDeploymentPostprocessing = 0;
		};
/* End PBXResourcesBuildPhase section */

/* Begin PBXSourcesBuildPhase section */
		F061F16E1E8C000800D9A47F /* Sources */ = {
			isa = PBXSourcesBuildPhase;
			buildActionMask = 2147483647;
			files = (
				F061F1781E8C000800D9A47F /* ViewController.swift in Sources */,
				F061F1881E8C003900D9A47F /* ArithmeticConstraint.swift in Sources */,
				F061F1761E8C000800D9A47F /* AppDelegate.swift in Sources */,
			);
			runOnlyForDeploymentPostprocessing = 0;
		};
/* End PBXSourcesBuildPhase section */

/* Begin PBXVariantGroup section */
		F061F1791E8C000800D9A47F /* Main.storyboard */ = {
			isa = PBXVariantGroup;
			children = (
				F061F17A1E8C000800D9A47F /* Base */,
			);
			name = Main.storyboard;
			sourceTree = "<group>";
		};
		F061F17E1E8C000800D9A47F /* LaunchScreen.storyboard */ = {
			isa = PBXVariantGroup;
			children = (
				F061F17F1E8C000800D9A47F /* Base */,
			);
			name = LaunchScreen.storyboard;
			sourceTree = "<group>";
		};
/* End PBXVariantGroup section */

/* Begin XCBuildConfiguration section */
		F061F1821E8C000800D9A47F /* Debug */ = {
			isa = XCBuildConfiguration;
			buildSettings = {
				ALWAYS_SEARCH_USER_PATHS = NO;
				CLANG_ANALYZER_NONNULL = YES;
				CLANG_CXX_LANGUAGE_STANDARD = "gnu++0x";
				CLANG_CXX_LIBRARY = "libc++";
				CLANG_ENABLE_MODULES = YES;
				CLANG_ENABLE_OBJC_ARC = YES;
				CLANG_WARN_BOOL_CONVERSION = YES;
				CLANG_WARN_CONSTANT_CONVERSION = YES;
				CLANG_WARN_DIRECT_OBJC_ISA_USAGE = YES_ERROR;
				CLANG_WARN_DOCUMENTATION_COMMENTS = YES;
				CLANG_WARN_EMPTY_BODY = YES;
				CLANG_WARN_ENUM_CONVERSION = YES;
				CLANG_WARN_INFINITE_RECURSION = YES;
				CLANG_WARN_INT_CONVERSION = YES;
				CLANG_WARN_OBJC_ROOT_CLASS = YES_ERROR;
				CLANG_WARN_SUSPICIOUS_MOVE = YES;
				CLANG_WARN_UNREACHABLE_CODE = YES;
				CLANG_WARN__DUPLICATE_METHOD_MATCH = YES;
				"CODE_SIGN_IDENTITY[sdk=iphoneos*]" = "iPhone Developer";
				COPY_PHASE_STRIP = NO;
				DEBUG_INFORMATION_FORMAT = dwarf;
				ENABLE_STRICT_OBJC_MSGSEND = YES;
				ENABLE_TESTABILITY = YES;
				GCC_C_LANGUAGE_STANDARD = gnu99;
				GCC_DYNAMIC_NO_PIC = NO;
				GCC_NO_COMMON_BLOCKS = YES;
				GCC_OPTIMIZATION_LEVEL = 0;
				GCC_PREPROCESSOR_DEFINITIONS = (
					"DEBUG=1",
					"$(inherited)",
				);
				GCC_WARN_64_TO_32_BIT_CONVERSION = YES;
				GCC_WARN_ABOUT_RETURN_TYPE = YES_ERROR;
				GCC_WARN_UNDECLARED_SELECTOR = YES;
				GCC_WARN_UNINITIALIZED_AUTOS = YES_AGGRESSIVE;
				GCC_WARN_UNUSED_FUNCTION = YES;
				GCC_WARN_UNUSED_VARIABLE = YES;
				IPHONEOS_DEPLOYMENT_TARGET = 10.2;
				MTL_ENABLE_DEBUG_INFO = YES;
				ONLY_ACTIVE_ARCH = YES;
				SDKROOT = iphoneos;
				SWIFT_ACTIVE_COMPILATION_CONDITIONS = DEBUG;
				SWIFT_OPTIMIZATION_LEVEL = "-Onone";
				TARGETED_DEVICE_FAMILY = "1,2";
			};
			name = Debug;
		};
		F061F1831E8C000800D9A47F /* Release */ = {
			isa = XCBuildConfiguration;
			buildSettings = {
				ALWAYS_SEARCH_USER_PATHS = NO;
				CLANG_ANALYZER_NONNULL = YES;
				CLANG_CXX_LANGUAGE_STANDARD = "gnu++0x";
				CLANG_CXX_LIBRARY = "libc++";
				CLANG_ENABLE_MODULES = YES;
				CLANG_ENABLE_OBJC_ARC = YES;
				CLANG_WARN_BOOL_CONVERSION = YES;
				CLANG_WARN_CONSTANT_CONVERSION = YES;
				CLANG_WARN_DIRECT_OBJC_ISA_USAGE = YES_ERROR;
				CLANG_WARN_DOCUMENTATION_COMMENTS = YES;
				CLANG_WARN_EMPTY_BODY = YES;
				CLANG_WARN_ENUM_CONVERSION = YES;
				CLANG_WARN_INFINITE_RECURSION = YES;
				CLANG_WARN_INT_CONVERSION = YES;
				CLANG_WARN_OBJC_ROOT_CLASS = YES_ERROR;
				CLANG_WARN_SUSPICIOUS_MOVE = YES;
				CLANG_WARN_UNREACHABLE_CODE = YES;
				CLANG_WARN__DUPLICATE_METHOD_MATCH = YES;
				"CODE_SIGN_IDENTITY[sdk=iphoneos*]" = "iPhone Developer";
				COPY_PHASE_STRIP = NO;
				DEBUG_INFORMATION_FORMAT = "dwarf-with-dsym";
				ENABLE_NS_ASSERTIONS = NO;
				ENABLE_STRICT_OBJC_MSGSEND = YES;
				GCC_C_LANGUAGE_STANDARD = gnu99;
				GCC_NO_COMMON_BLOCKS = YES;
				GCC_WARN_64_TO_32_BIT_CONVERSION = YES;
				GCC_WARN_ABOUT_RETURN_TYPE = YES_ERROR;
				GCC_WARN_UNDECLARED_SELECTOR = YES;
				GCC_WARN_UNINITIALIZED_AUTOS = YES_AGGRESSIVE;
				GCC_WARN_UNUSED_FUNCTION = YES;
				GCC_WARN_UNUSED_VARIABLE = YES;
				IPHONEOS_DEPLOYMENT_TARGET = 10.2;
				MTL_ENABLE_DEBUG_INFO = NO;
				SDKROOT = iphoneos;
				SWIFT_OPTIMIZATION_LEVEL = "-Owholemodule";
				TARGETED_DEVICE_FAMILY = "1,2";
				VALIDATE_PRODUCT = YES;
			};
			name = Release;
		};
		F061F1851E8C000800D9A47F /* Debug */ = {
			isa = XCBuildConfiguration;
			buildSettings = {
				ASSETCATALOG_COMPILER_APPICON_NAME = AppIcon;
				DEVELOPMENT_TEAM = KT6GJ8CA5Q;
				INFOPLIST_FILE = LNConstraint/Info.plist;
				LD_RUNPATH_SEARCH_PATHS = "$(inherited) @executable_path/Frameworks";
				PRODUCT_BUNDLE_IDENTIFIER = com.example.game.LNConstraint;
				PRODUCT_NAME = "$(TARGET_NAME)";
				SWIFT_VERSION = 3.0;
			};
			name = Debug;
		};
		F061F1861E8C000800D9A47F /* Release */ = {
			isa = XCBuildConfiguration;
			buildSettings = {
				ASSETCATALOG_COMPILER_APPICON_NAME = AppIcon;
				DEVELOPMENT_TEAM = KT6GJ8CA5Q;
				INFOPLIST_FILE = LNConstraint/Info.plist;
				LD_RUNPATH_SEARCH_PATHS = "$(inherited) @executable_path/Frameworks";
				PRODUCT_BUNDLE_IDENTIFIER = com.example.game.LNConstraint;
				PRODUCT_NAME = "$(TARGET_NAME)";
				SWIFT_VERSION = 3.0;
			};
			name = Release;
		};
/* End XCBuildConfiguration section */

/* Begin XCConfigurationList section */
		F061F16D1E8C000800D9A47F /* Build configuration list for PBXProject "ArithmeticConstraint" */ = {
			isa = XCConfigurationList;
			buildConfigurations = (
				F061F1821E8C000800D9A47F /* Debug */,
				F061F1831E8C000800D9A47F /* Release */,
			);
			defaultConfigurationIsVisible = 0;
			defaultConfigurationName = Release;
		};
		F061F1841E8C000800D9A47F /* Build configuration list for PBXNativeTarget "ArithmeticConstraint" */ = {
			isa = XCConfigurationList;
			buildConfigurations = (
				F061F1851E8C000800D9A47F /* Debug */,
				F061F1861E8C000800D9A47F /* Release */,
			);
			defaultConfigurationIsVisible = 0;
			defaultConfigurationName = Release;
		};
/* End XCConfigurationList section */
	};
	rootObject = F061F16A1E8C000800D9A47F /* Project object */;
}
